schema: '2.0'
stages:
  prepare_model:
    cmd: python src/cnnClassifier/pipeline/stage_02_prepare_base_model.py
    deps:
    - path: config/config.yaml
      hash: md5
      md5: 85b8ea9f774189db5c555cf368fe0fc7
      size: 709
    - path: src/cnnClassifier/pipeline/stage_02_prepare_base_model.py
      hash: md5
      md5: ca3b396943ddbe32cb09dc60e41a788e
      size: 1063
    params:
      params.yaml:
        CLASSES: 4
        IMAGE_SIZE:
        - 224
        - 224
        - 3
        INCLUDE_TOP: false
        LEARNING_RATE: 0.01
        WEIGHTS: imagenet
    outs:
    - path: artifacts/prepare_base_model
      hash: md5
      md5: 1b2f1aed37a9ba7a26dfed810c853fc5.dir
      size: 118274328
      nfiles: 2
  training:
    cmd: python src/cnnClassifier/pipeline/stage_03_training_model.py
    deps:
    - path: artifacts/data_ingestion/kidney_ct_scan_dataset
      hash: md5
      md5: 08343d1b01983bfc8a1a54b1c85f7d8e.dir
      size: 1663086237
      nfiles: 12447
    - path: artifacts/prepare_base_model
      hash: md5
      md5: 1b2f1aed37a9ba7a26dfed810c853fc5.dir
      size: 118274328
      nfiles: 2
    - path: config/config.yaml
      hash: md5
      md5: 85b8ea9f774189db5c555cf368fe0fc7
      size: 709
    - path: src/cnnClassifier/pipeline/stage_03_training_model.py
      hash: md5
      md5: 416ff64c14cdac97d1cdf7e3b9908dff
      size: 856
    params:
      params.yaml:
        AUGMENTATION: true
        BATCH_SIZE: 64
        EPOCHS: 15
        IMAGE_SIZE:
        - 224
        - 224
        - 3
    outs:
    - path: artifacts/training/model.h5
      hash: md5
      md5: 1f507bae106378d46b45920be13d1de9
      size: 59350432
  evaluation:
    cmd: python src/cnnClassifier/pipeline/stage_04_model_evaluation.py
    deps:
    - path: artifacts/data_ingestion/kidney_ct_scan_dataset
      hash: md5
      md5: 08343d1b01983bfc8a1a54b1c85f7d8e.dir
      size: 1663086237
      nfiles: 12447
    - path: artifacts/training/model.h5
      hash: md5
      md5: 1f507bae106378d46b45920be13d1de9
      size: 59350432
    - path: config/config.yaml
      hash: md5
      md5: 85b8ea9f774189db5c555cf368fe0fc7
      size: 709
    - path: src/cnnClassifier/pipeline/stage_04_model_evaluation.py
      hash: md5
      md5: 4fe7e036f73c98ba2d0beed1c573e051
      size: 920
    params:
      params.yaml:
        BATCH_SIZE: 64
        IMAGE_SIZE:
        - 224
        - 224
        - 3
    outs:
    - path: scores.json
      hash: md5
      md5: 3fe50c4f7c4b572beef43e7e14cfa9e9
      size: 70
  data_ingestion:
    cmd: python src/cnnClassifier/pipeline/stage_01_data_ingestion_pipeline.py
    deps:
    - path: config/config.yaml
      hash: md5
      md5: 85b8ea9f774189db5c555cf368fe0fc7
      size: 709
    - path: src/cnnClassifier/pipeline/stage_01_data_ingestion_pipeline.py
      hash: md5
      md5: 9e01eabb2b86e706fc0771d3d6b3d32b
      size: 1047
    outs:
    - path: artifacts/data_ingestion/kidney_ct_scan_dataset
      hash: md5
      md5: 08343d1b01983bfc8a1a54b1c85f7d8e.dir
      size: 1663086237
      nfiles: 12447
